
Microsoft Visual Studio Solution File, Format Version 12.00
# Visual Studio Version 17
VisualStudioVersion = 17.6.33801.468
MinimumVisualStudioVersion = 10.0.40219.1
Project("{9A19103F-16F7-4668-BE54-9A1E7A4F7556}") = "SteamTests", "SteamTests\SteamTests.csproj", "{57D96F93-4E2B-4AE5-801D-3AC5D2DEC4BD}"
EndProject
Global
	GlobalSection(SolutionConfigurationPlatforms) = preSolution
		Debug|Any CPU = Debug|Any CPU
		Release|Any CPU = Release|Any CPU
	EndGlobalSection
	GlobalSection(ProjectConfigurationPlatforms) = postSolution
		{57D96F93-4E2B-4AE5-801D-3AC5D2DEC4BD}.Debug|Any CPU.ActiveCfg = Debug|Any CPU
		{57D96F93-4E2B-4AE5-801D-3AC5D2DEC4BD}.Debug|Any CPU.Build.0 = Debug|Any CPU
		{57D96F93-4E2B-4AE5-801D-3AC5D2DEC4BD}.Release|Any CPU.ActiveCfg = Release|Any CPU
		{57D96F93-4E2B-4AE5-801D-3AC5D2DEC4BD}.Release|Any CPU.Build.0 = Release|Any CPU
	EndGlobalSection
	GlobalSection(SolutionProperties) = preSolution
		HideSolutionNode = FALSE
	EndGlobalSection
	GlobalSection(ExtensibilityGlobals) = postSolution
		SolutionGuid = {2233EB92-2DDC-4D9B-9C8F-33F550DC865A}
	EndGlobalSection
EndGlobal
